
Microsoft Visual Studio Solution File, Format Version 12.00
# Visual Studio Version 16
VisualStudioVersion = 16.0.29418.71
MinimumVisualStudioVersion = 10.0.40219.1
Project("{FAE04EC0-301F-11D3-BF4B-00C04F79EFBC}") = "dllPlanReport", "dllPlanReport\dllPlanReport.csproj", "{55C541EF-BFD6-4DF8-8CBA-F0A133BC8FB6}"
EndProject
Global
	GlobalSection(SolutionConfigurationPlatforms) = preSolution
		Debug|Any CPU = Debug|Any CPU
		Release|Any CPU = Release|Any CPU
	EndGlobalSection
	GlobalSection(ProjectConfigurationPlatforms) = postSolution
		{55C541EF-BFD6-4DF8-8CBA-F0A133BC8FB6}.Debug|Any CPU.ActiveCfg = Debug|Any CPU
		{55C541EF-BFD6-4DF8-8CBA-F0A133BC8FB6}.Debug|Any CPU.Build.0 = Debug|Any CPU
		{55C541EF-BFD6-4DF8-8CBA-F0A133BC8FB6}.Release|Any CPU.ActiveCfg = Release|Any CPU
		{55C541EF-BFD6-4DF8-8CBA-F0A133BC8FB6}.Release|Any CPU.Build.0 = Release|Any CPU
	EndGlobalSection
	GlobalSection(SolutionProperties) = preSolution
		HideSolutionNode = FALSE
	EndGlobalSection
	GlobalSection(ExtensibilityGlobals) = postSolution
		SolutionGuid = {3DEDE434-DDCB-4F60-8EFD-DDC94BA4DBCC}
	EndGlobalSection
EndGlobal
