
Microsoft Visual Studio Solution File, Format Version 12.00
# Visual Studio Version 16
VisualStudioVersion = 16.0.30225.117
MinimumVisualStudioVersion = 10.0.40219.1
Project("{FAE04EC0-301F-11D3-BF4B-00C04F79EFBC}") = "dllJournalCongress", "dllJournalCongress\dllJournalCongress.csproj", "{9DDAEA94-7F9C-45B6-80A3-EAA5CB020349}"
EndProject
Global
	GlobalSection(SolutionConfigurationPlatforms) = preSolution
		Debug|Any CPU = Debug|Any CPU
		Release|Any CPU = Release|Any CPU
	EndGlobalSection
	GlobalSection(ProjectConfigurationPlatforms) = postSolution
		{9DDAEA94-7F9C-45B6-80A3-EAA5CB020349}.Debug|Any CPU.ActiveCfg = Debug|Any CPU
		{9DDAEA94-7F9C-45B6-80A3-EAA5CB020349}.Debug|Any CPU.Build.0 = Debug|Any CPU
		{9DDAEA94-7F9C-45B6-80A3-EAA5CB020349}.Release|Any CPU.ActiveCfg = Release|Any CPU
		{9DDAEA94-7F9C-45B6-80A3-EAA5CB020349}.Release|Any CPU.Build.0 = Release|Any CPU
	EndGlobalSection
	GlobalSection(SolutionProperties) = preSolution
		HideSolutionNode = FALSE
	EndGlobalSection
	GlobalSection(ExtensibilityGlobals) = postSolution
		SolutionGuid = {A0915B13-F527-4E22-B3E9-A636C10F6A3F}
	EndGlobalSection
EndGlobal
