
Microsoft Visual Studio Solution File, Format Version 12.00
# Visual Studio 2013
VisualStudioVersion = 12.0.40629.0
MinimumVisualStudioVersion = 10.0.40219.1
Project("{FAE04EC0-301F-11D3-BF4B-00C04F79EFBC}") = "ArendaFileExport", "ArendaFileExport\ArendaFileExport.csproj", "{CF796E05-E5CB-44AC-8C21-4FE998335E5F}"
EndProject
Global
	GlobalSection(SolutionConfigurationPlatforms) = preSolution
		Debug|Any CPU = Debug|Any CPU
		Release|Any CPU = Release|Any CPU
	EndGlobalSection
	GlobalSection(ProjectConfigurationPlatforms) = postSolution
		{CF796E05-E5CB-44AC-8C21-4FE998335E5F}.Debug|Any CPU.ActiveCfg = Debug|Any CPU
		{CF796E05-E5CB-44AC-8C21-4FE998335E5F}.Debug|Any CPU.Build.0 = Debug|Any CPU
		{CF796E05-E5CB-44AC-8C21-4FE998335E5F}.Release|Any CPU.ActiveCfg = Release|Any CPU
		{CF796E05-E5CB-44AC-8C21-4FE998335E5F}.Release|Any CPU.Build.0 = Release|Any CPU
	EndGlobalSection
	GlobalSection(SolutionProperties) = preSolution
		HideSolutionNode = FALSE
	EndGlobalSection
EndGlobal
